{
  "version": 4,
  "terraform_version": "0.12.21",
  "serial": 6,
  "lineage": "bc242f14-2ef1-03c3-61b3-d75b7ec7afe3",
  "outputs": {
    "endpoint": {
      "value": "demo-db-cluster-dev.cluster-c2mmvrdlj75a.us-east-2.rds.amazonaws.com",
      "type": "string"
    }
  },
  "resources": [
    {
      "mode": "data",
      "type": "aws_ssm_parameter",
      "name": "master_password",
      "provider": "provider.aws",
      "instances": [
        {
          "schema_version": 0,
          "attributes": {
            "arn": "arn:aws:ssm:us-east-2:455728032032:parameter/demo/dev/rds/demo-db-password",
            "id": "/demo/dev/rds/demo-db-password",
            "name": "/demo/dev/rds/demo-db-password",
            "type": "SecureString",
            "value": "notpassword",
            "version": 1,
            "with_decryption": true
          }
        }
      ]
    },
    {
      "mode": "data",
      "type": "aws_ssm_parameter",
      "name": "master_username",
      "provider": "provider.aws",
      "instances": [
        {
          "schema_version": 0,
          "attributes": {
            "arn": "arn:aws:ssm:us-east-2:455728032032:parameter/demo/dev/rds/demo-db-username",
            "id": "/demo/dev/rds/demo-db-username",
            "name": "/demo/dev/rds/demo-db-username",
            "type": "SecureString",
            "value": "notadmin",
            "version": 1,
            "with_decryption": true
          }
        }
      ]
    },
    {
      "mode": "managed",
      "type": "aws_rds_cluster",
      "name": "psql_cluster",
      "provider": "provider.aws",
      "instances": [
        {
          "schema_version": 0,
          "attributes": {
            "apply_immediately": null,
            "arn": "arn:aws:rds:us-east-2:455728032032:cluster:demo-db-cluster-dev",
            "availability_zones": [
              "us-east-2a"
            ],
            "backtrack_window": 0,
            "backup_retention_period": 5,
            "cluster_identifier": "demo-db-cluster-dev",
            "cluster_identifier_prefix": null,
            "cluster_members": [],
            "cluster_resource_id": "cluster-7HTAGBCQ4ZT26GK7X2MZ2HI4YQ",
            "copy_tags_to_snapshot": false,
            "database_name": "demoDB",
            "db_cluster_parameter_group_name": "default.aurora-postgresql11",
            "db_subnet_group_name": "default",
            "deletion_protection": false,
            "enable_http_endpoint": false,
            "enabled_cloudwatch_logs_exports": null,
            "endpoint": "demo-db-cluster-dev.cluster-c2mmvrdlj75a.us-east-2.rds.amazonaws.com",
            "engine": "aurora-postgresql",
            "engine_mode": "provisioned",
            "engine_version": "11.6",
            "final_snapshot_identifier": "demo-db-cluster-final-snapshot-dev",
            "global_cluster_identifier": "",
            "hosted_zone_id": "Z2XHWR1WZ565X2",
            "iam_database_authentication_enabled": false,
            "iam_roles": null,
            "id": "demo-db-cluster-dev",
            "kms_key_id": "arn:aws:kms:us-east-2:455728032032:key/231ba3a2-029e-440a-85c3-c5f54dffdbce",
            "master_password": "notpassword",
            "master_username": "notadmin",
            "port": 5432,
            "preferred_backup_window": "07:00-09:00",
            "preferred_maintenance_window": "sat:04:51-sat:05:21",
            "reader_endpoint": "demo-db-cluster-dev.cluster-ro-c2mmvrdlj75a.us-east-2.rds.amazonaws.com",
            "replication_source_identifier": "",
            "s3_import": [],
            "scaling_configuration": [],
            "skip_final_snapshot": false,
            "snapshot_identifier": null,
            "source_region": null,
            "storage_encrypted": true,
            "tags": null,
            "timeouts": null,
            "vpc_security_group_ids": [
              "sg-82984de7"
            ]
          },
          "private": "eyJlMmJmYjczMC1lY2FhLTExZTYtOGY4OC0zNDM2M2JjN2M0YzAiOnsiY3JlYXRlIjo3MjAwMDAwMDAwMDAwLCJkZWxldGUiOjcyMDAwMDAwMDAwMDAsInVwZGF0ZSI6NzIwMDAwMDAwMDAwMH19"
        }
      ]
    },
    {
      "mode": "managed",
      "type": "aws_rds_cluster_instance",
      "name": "cluster_instances",
      "each": "list",
      "provider": "provider.aws",
      "instances": []
    }
  ]
}
